
Microsoft Visual Studio Solution File, Format Version 12.00
# Visual Studio Version 16
VisualStudioVersion = 16.0.31105.61
MinimumVisualStudioVersion = 10.0.40219.1
Project("{FAE04EC0-301F-11D3-BF4B-00C04F79EFBC}") = "SalesWebMvc", "SalesWebMvc\SalesWebMvc.csproj", "{C5D29029-4266-4980-9329-0C2EFB6084FC}"
EndProject
Global
	GlobalSection(SolutionConfigurationPlatforms) = preSolution
		Debug|Any CPU = Debug|Any CPU
		Release|Any CPU = Release|Any CPU
	EndGlobalSection
	GlobalSection(ProjectConfigurationPlatforms) = postSolution
		{C5D29029-4266-4980-9329-0C2EFB6084FC}.Debug|Any CPU.ActiveCfg = Debug|Any CPU
		{C5D29029-4266-4980-9329-0C2EFB6084FC}.Debug|Any CPU.Build.0 = Debug|Any CPU
		{C5D29029-4266-4980-9329-0C2EFB6084FC}.Release|Any CPU.ActiveCfg = Release|Any CPU
		{C5D29029-4266-4980-9329-0C2EFB6084FC}.Release|Any CPU.Build.0 = Release|Any CPU
	EndGlobalSection
	GlobalSection(SolutionProperties) = preSolution
		HideSolutionNode = FALSE
	EndGlobalSection
	GlobalSection(ExtensibilityGlobals) = postSolution
		SolutionGuid = {1A008630-6DC8-4495-89B1-17DFD3CEF85F}
	EndGlobalSection
EndGlobal
